<?xml version="1.0" encoding="utf-8"?>
<Project ToolsVersion="4.0" xmlns="http://schemas.microsoft.com/developer/msbuild/2003">
  <ItemGroup>
    <Filter Include="Source Files">
      <UniqueIdentifier>{4FC737F1-C7A5-4376-A066-2A32D752A2FF}</UniqueIdentifier>
      <Extensions>cpp;c;cc;cxx;def;odl;idl;hpj;bat;asm;asmx</Extensions>
    </Filter>
    <Filter Include="Header Files">
      <UniqueIdentifier>{93995380-89BD-4b04-88EB-625FBE52EBFB}</UniqueIdentifier>
      <Extensions>h;hh;hpp;hxx;hm;inl;inc;ipp;xsd</Extensions>
    </Filter>
    <Filter Include="Resource Files">
      <UniqueIdentifier>{67DA6AB6-F800-4c08-8B7A-83BB121AAD01}</UniqueIdentifier>
      <Extensions>rc;ico;cur;bmp;dlg;rc2;rct;bin;rgs;gif;jpg;jpeg;jpe;resx;tiff;tif;png;wav;mfcribbon-ms</Extensions>
    </Filter>
    <Filter Include="Generated Files">
      <UniqueIdentifier>{c7fc51a6-38c6-4ce6-86e8-f6d1cd3b3813}</UniqueIdentifier>
      <SourceControlFiles>False</SourceControlFiles>
    </Filter>
  </ItemGroup>
  <ItemGroup>
    <ClInclude Include="framework.h">
      <Filter>Header Files</Filter>
    </ClInclude>
    <ClInclude Include="targetver.h">
      <Filter>Header Files</Filter>
    </ClInclude>
    <ClInclude Include="Resource.h">
      <Filter>Header Files</Filter>
    </ClInclude>
    <ClInclude Include="dllmain.h">
      <Filter>Header Files</Filter>
    </ClInclude>
    <ClInclude Include="pch.h">
      <Filter>Header Files</Filter>
    </ClInclude>
    <ClInclude Include="LLVMBumpPtrAllocator.h">
      <Filter>Header Files</Filter>
    </ClInclude>
    <ClInclude Include="LLVMPDBFileBuilder.h">
      <Filter>Header Files</Filter>
    </ClInclude>
    <ClInclude Include="LLVMInfoStreamBuilder.h">
      <Filter>Header Files</Filter>
    </ClInclude>
    <ClInclude Include="Utilities.h">
      <Filter>Header Files</Filter>
    </ClInclude>
    <ClInclude Include="LLVMDbiStreamBuilder.h">
      <Filter>Header Files</Filter>
    </ClInclude>
    <ClInclude Include="LLVMTpiStreamBuilder.h">
      <Filter>Header Files</Filter>
    </ClInclude>
    <ClInclude Include="LLVMPDBStringTableBuilder.h">
      <Filter>Header Files</Filter>
    </ClInclude>
    <ClInclude Include="LLVMDbiModuleDescriptorBuilder.h">
      <Filter>Header Files</Filter>
    </ClInclude>
    <ClInclude Include="LLVMDebugStringTableSubsection.h">
      <Filter>Header Files</Filter>
    </ClInclude>
    <ClInclude Include="LLVMDebugChecksumsSubsection.h">
      <Filter>Header Files</Filter>
    </ClInclude>
    <ClInclude Include="LLVMDebugLinesSubsection.h">
      <Filter>Header Files</Filter>
    </ClInclude>
    <ClInclude Include="LLVMDebugSubsection.h">
      <Filter>Header Files</Filter>
    </ClInclude>
    <ClInclude Include="LLVMPDBCOM_i.h">
      <Filter>Generated Files</Filter>
    </ClInclude>
    <ClInclude Include="LLVMMSFBuilder.h">
      <Filter>Header Files</Filter>
    </ClInclude>
    <ClInclude Include="LLVMPDBUtilities.h">
      <Filter>Header Files</Filter>
    </ClInclude>
    <ClInclude Include="LLVMGSIStreamBuilder.h">
      <Filter>Header Files</Filter>
    </ClInclude>
  </ItemGroup>
  <ItemGroup>
    <ClCompile Include="dllmain.cpp">
      <Filter>Source Files</Filter>
    </ClCompile>
    <ClCompile Include="pch.cpp">
      <Filter>Source Files</Filter>
    </ClCompile>
    <ClCompile Include="LLVMBumpPtrAllocator.cpp">
      <Filter>Source Files</Filter>
    </ClCompile>
    <ClCompile Include="LLVMPDBFileBuilder.cpp">
      <Filter>Source Files</Filter>
    </ClCompile>
    <ClCompile Include="LLVMInfoStreamBuilder.cpp">
      <Filter>Source Files</Filter>
    </ClCompile>
    <ClCompile Include="Utilities.cpp">
      <Filter>Source Files</Filter>
    </ClCompile>
    <ClCompile Include="LLVMDbiStreamBuilder.cpp">
      <Filter>Source Files</Filter>
    </ClCompile>
    <ClCompile Include="LLVMTpiStreamBuilder.cpp">
      <Filter>Source Files</Filter>
    </ClCompile>
    <ClCompile Include="LLVMPDBStringTableBuilder.cpp">
      <Filter>Source Files</Filter>
    </ClCompile>
    <ClCompile Include="LLVMDbiModuleDescriptorBuilder.cpp">
      <Filter>Source Files</Filter>
    </ClCompile>
    <ClCompile Include="LLVMDebugStringTableSubsection.cpp">
      <Filter>Source Files</Filter>
    </ClCompile>
    <ClCompile Include="LLVMDebugChecksumsSubsection.cpp">
      <Filter>Source Files</Filter>
    </ClCompile>
    <ClCompile Include="LLVMDebugLinesSubsection.cpp">
      <Filter>Source Files</Filter>
    </ClCompile>
    <ClCompile Include="LLVMDebugSubsection.cpp">
      <Filter>Source Files</Filter>
    </ClCompile>
    <ClCompile Include="LLVMPDBCOM.cpp">
      <Filter>Source Files</Filter>
    </ClCompile>
    <ClCompile Include="LLVMPDBCOM_i.c">
      <Filter>Generated Files</Filter>
    </ClCompile>
    <ClCompile Include="LLVMMSFBuilder.cpp">
      <Filter>Source Files</Filter>
    </ClCompile>
    <ClCompile Include="LLVMPDBUtilities.cpp">
      <Filter>Source Files</Filter>
    </ClCompile>
    <ClCompile Include="LLVMGSIStreamBuilder.cpp">
      <Filter>Source Files</Filter>
    </ClCompile>
  </ItemGroup>
  <ItemGroup>
    <None Include="LLVMBumpPtrAllocator.rgs">
      <Filter>Resource Files</Filter>
    </None>
    <None Include="LLVMPDBFileBuilder.rgs">
      <Filter>Resource Files</Filter>
    </None>
    <None Include="LLVMInfoStreamBuilder.rgs">
      <Filter>Resource Files</Filter>
    </None>
    <None Include="LLVMDbiStreamBuilder.rgs">
      <Filter>Resource Files</Filter>
    </None>
    <None Include="LLVMTpiStreamBuilder.rgs">
      <Filter>Resource Files</Filter>
    </None>
    <None Include="LLVMPDBStringTableBuilder.rgs">
      <Filter>Resource Files</Filter>
    </None>
    <None Include="LLVMDbiModuleDescriptorBuilder.rgs">
      <Filter>Resource Files</Filter>
    </None>
    <None Include="LLVMDebugStringTableSubsection.rgs">
      <Filter>Resource Files</Filter>
    </None>
    <None Include="LLVMDebugChecksumsSubsection.rgs">
      <Filter>Resource Files</Filter>
    </None>
    <None Include="LLVMDebugLinesSubsection.rgs">
      <Filter>Resource Files</Filter>
    </None>
    <None Include="LLVMDebugSubsection.rgs">
      <Filter>Resource Files</Filter>
    </None>
    <None Include="LLVMPDBCOM.def">
      <Filter>Source Files</Filter>
    </None>
    <None Include="LLVMPDBCOM.rgs">
      <Filter>Resource Files</Filter>
    </None>
    <None Include="LLVMMSFBuilder.rgs">
      <Filter>Resource Files</Filter>
    </None>
    <None Include="LLVMPDBUtilities.rgs">
      <Filter>Resource Files</Filter>
    </None>
    <None Include="ClassDiagram.cd" />
    <None Include="LLVMGSIStreamBuilder.rgs">
      <Filter>Resource Files</Filter>
    </None>
  </ItemGroup>
  <ItemGroup>
    <Midl Include="LLVMPDBCOM.idl">
      <Filter>Source Files</Filter>
    </Midl>
  </ItemGroup>
  <ItemGroup>
    <ResourceCompile Include="LLVMPDBCOM.rc">
      <Filter>Resource Files</Filter>
    </ResourceCompile>
  </ItemGroup>
</Project>